// !$*UTF8*$!
{
	archiveVersion = 1;
	classes = {
	};
	objectVersion = 46;
	objects = {

/* Begin PBXBuildFile section */
		21177E9D1622AF890078551E /* NyaruQuery.h in Headers */ = {isa = PBXBuildFile; fileRef = 21177E9B1622AF890078551E /* NyaruQuery.h */; };
		21177E9E1622AF890078551E /* NyaruQuery.m in Sources */ = {isa = PBXBuildFile; fileRef = 21177E9C1622AF890078551E /* NyaruQuery.m */; };
		21199FE116048EBD00270A48 /* NSData+GZIP.h in Headers */ = {isa = PBXBuildFile; fileRef = 21199FDF16048EBD00270A48 /* NSData+GZIP.h */; };
		21199FE216048EBD00270A48 /* NSData+GZIP.m in Sources */ = {isa = PBXBuildFile; fileRef = 21199FE016048EBD00270A48 /* NSData+GZIP.m */; };
		21199FE816048FC300270A48 /* libz.dylib in Frameworks */ = {isa = PBXBuildFile; fileRef = 21199FE716048FC300270A48 /* libz.dylib */; };
		21199FF11604917300270A48 /* libz.dylib in Frameworks */ = {isa = PBXBuildFile; fileRef = 21199FE716048FC300270A48 /* libz.dylib */; };
		216D8FD915F45AA50050AB28 /* NyaruIndex.h in Headers */ = {isa = PBXBuildFile; fileRef = 216D8FD715F45AA50050AB28 /* NyaruIndex.h */; };
		216D8FDA15F45AA50050AB28 /* NyaruIndex.m in Sources */ = {isa = PBXBuildFile; fileRef = 216D8FD815F45AA50050AB28 /* NyaruIndex.m */; };
		218A213615FC0105004A433B /* NyaruSchema.h in Headers */ = {isa = PBXBuildFile; fileRef = 218A213415FC0105004A433B /* NyaruSchema.h */; };
		218A213715FC0105004A433B /* NyaruSchema.m in Sources */ = {isa = PBXBuildFile; fileRef = 218A213515FC0105004A433B /* NyaruSchema.m */; };
		219CF6A515D772BB00065BF5 /* NyaruConfig.h in Headers */ = {isa = PBXBuildFile; fileRef = 219CF6A315D772BB00065BF5 /* NyaruConfig.h */; };
		21AFC773161ECACB0086027B /* JSONKit-Nyaru.h in Headers */ = {isa = PBXBuildFile; fileRef = 21AFC771161ECACB0086027B /* JSONKit-Nyaru.h */; };
		21AFC774161ECACB0086027B /* JSONKit-Nyaru.m in Sources */ = {isa = PBXBuildFile; fileRef = 21AFC772161ECACB0086027B /* JSONKit-Nyaru.m */; settings = {COMPILER_FLAGS = "-fno-objc-arc"; }; };
		21D13292161D684700864F3D /* NyaruKey.h in Headers */ = {isa = PBXBuildFile; fileRef = 21D13290161D684700864F3D /* NyaruKey.h */; };
		21D13293161D684700864F3D /* NyaruKey.m in Sources */ = {isa = PBXBuildFile; fileRef = 21D13291161D684700864F3D /* NyaruKey.m */; };
		21D13295161D809B00864F3D /* NyaruConfig.m in Sources */ = {isa = PBXBuildFile; fileRef = 21D13294161D809B00864F3D /* NyaruConfig.m */; };
		21DC9ADA15D7F2320090F8C8 /* NyaruCollection.h in Headers */ = {isa = PBXBuildFile; fileRef = 21DC9AD815D7F2320090F8C8 /* NyaruCollection.h */; };
		21DC9ADB15D7F2320090F8C8 /* NyaruCollection.m in Sources */ = {isa = PBXBuildFile; fileRef = 21DC9AD915D7F2320090F8C8 /* NyaruCollection.m */; };
		21EAAD7B15B1003600835B47 /* Foundation.framework in Frameworks */ = {isa = PBXBuildFile; fileRef = 21EAAD7A15B1003600835B47 /* Foundation.framework */; };
		21EAAD8115B1003600835B47 /* NyaruDB.m in Sources */ = {isa = PBXBuildFile; fileRef = 21EAAD8015B1003600835B47 /* NyaruDB.m */; };
		21EAAD8915B1003600835B47 /* SenTestingKit.framework in Frameworks */ = {isa = PBXBuildFile; fileRef = 21EAAD8815B1003600835B47 /* SenTestingKit.framework */; };
		21EAAD8B15B1003600835B47 /* UIKit.framework in Frameworks */ = {isa = PBXBuildFile; fileRef = 21EAAD8A15B1003600835B47 /* UIKit.framework */; };
		21EAAD8C15B1003600835B47 /* Foundation.framework in Frameworks */ = {isa = PBXBuildFile; fileRef = 21EAAD7A15B1003600835B47 /* Foundation.framework */; };
		21EAAD8F15B1003600835B47 /* libNyaruDB.a in Frameworks */ = {isa = PBXBuildFile; fileRef = 21EAAD7715B1003600835B47 /* libNyaruDB.a */; };
		21EAAD9515B1003600835B47 /* InfoPlist.strings in Resources */ = {isa = PBXBuildFile; fileRef = 21EAAD9315B1003600835B47 /* InfoPlist.strings */; };
		21EAAD9815B1003600835B47 /* NyaruDBTests.m in Sources */ = {isa = PBXBuildFile; fileRef = 21EAAD9715B1003600835B47 /* NyaruDBTests.m */; };
/* End PBXBuildFile section */

/* Begin PBXContainerItemProxy section */
		21EAAD8D15B1003600835B47 /* PBXContainerItemProxy */ = {
			isa = PBXContainerItemProxy;
			containerPortal = 21EAAD6E15B1003500835B47 /* Project object */;
			proxyType = 1;
			remoteGlobalIDString = 21EAAD7615B1003600835B47;
			remoteInfo = NyaruDB;
		};
/* End PBXContainerItemProxy section */

/* Begin PBXFileReference section */
		21177E9B1622AF890078551E /* NyaruQuery.h */ = {isa = PBXFileReference; fileEncoding = 4; lastKnownFileType = sourcecode.c.h; path = NyaruQuery.h; sourceTree = "<group>"; };
		21177E9C1622AF890078551E /* NyaruQuery.m */ = {isa = PBXFileReference; fileEncoding = 4; lastKnownFileType = sourcecode.c.objc; path = NyaruQuery.m; sourceTree = "<group>"; };
		21199FDF16048EBD00270A48 /* NSData+GZIP.h */ = {isa = PBXFileReference; fileEncoding = 4; lastKnownFileType = sourcecode.c.h; path = "NSData+GZIP.h"; sourceTree = "<group>"; };
		21199FE016048EBD00270A48 /* NSData+GZIP.m */ = {isa = PBXFileReference; fileEncoding = 4; lastKnownFileType = sourcecode.c.objc; path = "NSData+GZIP.m"; sourceTree = "<group>"; };
		21199FE716048FC300270A48 /* libz.dylib */ = {isa = PBXFileReference; lastKnownFileType = "compiled.mach-o.dylib"; name = libz.dylib; path = usr/lib/libz.dylib; sourceTree = SDKROOT; };
		216D8FD715F45AA50050AB28 /* NyaruIndex.h */ = {isa = PBXFileReference; fileEncoding = 4; lastKnownFileType = sourcecode.c.h; path = NyaruIndex.h; sourceTree = "<group>"; };
		216D8FD815F45AA50050AB28 /* NyaruIndex.m */ = {isa = PBXFileReference; fileEncoding = 4; lastKnownFileType = sourcecode.c.objc; path = NyaruIndex.m; sourceTree = "<group>"; };
		218A213415FC0105004A433B /* NyaruSchema.h */ = {isa = PBXFileReference; fileEncoding = 4; lastKnownFileType = sourcecode.c.h; path = NyaruSchema.h; sourceTree = "<group>"; };
		218A213515FC0105004A433B /* NyaruSchema.m */ = {isa = PBXFileReference; fileEncoding = 4; lastKnownFileType = sourcecode.c.objc; path = NyaruSchema.m; sourceTree = "<group>"; };
		219CF6A315D772BB00065BF5 /* NyaruConfig.h */ = {isa = PBXFileReference; fileEncoding = 4; lastKnownFileType = sourcecode.c.h; path = NyaruConfig.h; sourceTree = "<group>"; };
		21AFC771161ECACB0086027B /* JSONKit-Nyaru.h */ = {isa = PBXFileReference; fileEncoding = 4; lastKnownFileType = sourcecode.c.h; path = "JSONKit-Nyaru.h"; sourceTree = "<group>"; };
		21AFC772161ECACB0086027B /* JSONKit-Nyaru.m */ = {isa = PBXFileReference; fileEncoding = 4; lastKnownFileType = sourcecode.c.objc; path = "JSONKit-Nyaru.m"; sourceTree = "<group>"; };
		21D13290161D684700864F3D /* NyaruKey.h */ = {isa = PBXFileReference; fileEncoding = 4; lastKnownFileType = sourcecode.c.h; path = NyaruKey.h; sourceTree = "<group>"; };
		21D13291161D684700864F3D /* NyaruKey.m */ = {isa = PBXFileReference; fileEncoding = 4; lastKnownFileType = sourcecode.c.objc; path = NyaruKey.m; sourceTree = "<group>"; };
		21D13294161D809B00864F3D /* NyaruConfig.m */ = {isa = PBXFileReference; fileEncoding = 4; lastKnownFileType = sourcecode.c.objc; path = NyaruConfig.m; sourceTree = "<group>"; };
		21DC9AD815D7F2320090F8C8 /* NyaruCollection.h */ = {isa = PBXFileReference; fileEncoding = 4; lastKnownFileType = sourcecode.c.h; path = NyaruCollection.h; sourceTree = "<group>"; };
		21DC9AD915D7F2320090F8C8 /* NyaruCollection.m */ = {isa = PBXFileReference; fileEncoding = 4; lastKnownFileType = sourcecode.c.objc; path = NyaruCollection.m; sourceTree = "<group>"; };
		21EAAD7715B1003600835B47 /* libNyaruDB.a */ = {isa = PBXFileReference; explicitFileType = archive.ar; includeInIndex = 0; path = libNyaruDB.a; sourceTree = BUILT_PRODUCTS_DIR; };
		21EAAD7A15B1003600835B47 /* Foundation.framework */ = {isa = PBXFileReference; lastKnownFileType = wrapper.framework; name = Foundation.framework; path = System/Library/Frameworks/Foundation.framework; sourceTree = SDKROOT; };
		21EAAD7E15B1003600835B47 /* NyaruDB-Prefix.pch */ = {isa = PBXFileReference; lastKnownFileType = sourcecode.c.h; path = "NyaruDB-Prefix.pch"; sourceTree = "<group>"; };
		21EAAD7F15B1003600835B47 /* NyaruDB.h */ = {isa = PBXFileReference; lastKnownFileType = sourcecode.c.h; path = NyaruDB.h; sourceTree = "<group>"; };
		21EAAD8015B1003600835B47 /* NyaruDB.m */ = {isa = PBXFileReference; lastKnownFileType = sourcecode.c.objc; path = NyaruDB.m; sourceTree = "<group>"; };
		21EAAD8715B1003600835B47 /* NyaruDBTests.octest */ = {isa = PBXFileReference; explicitFileType = wrapper.cfbundle; includeInIndex = 0; path = NyaruDBTests.octest; sourceTree = BUILT_PRODUCTS_DIR; };
		21EAAD8815B1003600835B47 /* SenTestingKit.framework */ = {isa = PBXFileReference; lastKnownFileType = wrapper.framework; name = SenTestingKit.framework; path = Library/Frameworks/SenTestingKit.framework; sourceTree = DEVELOPER_DIR; };
		21EAAD8A15B1003600835B47 /* UIKit.framework */ = {isa = PBXFileReference; lastKnownFileType = wrapper.framework; name = UIKit.framework; path = Library/Frameworks/UIKit.framework; sourceTree = DEVELOPER_DIR; };
		21EAAD9215B1003600835B47 /* NyaruDBTests-Info.plist */ = {isa = PBXFileReference; lastKnownFileType = text.plist.xml; path = "NyaruDBTests-Info.plist"; sourceTree = "<group>"; };
		21EAAD9415B1003600835B47 /* en */ = {isa = PBXFileReference; lastKnownFileType = text.plist.strings; name = en; path = en.lproj/InfoPlist.strings; sourceTree = "<group>"; };
		21EAAD9615B1003600835B47 /* NyaruDBTests.h */ = {isa = PBXFileReference; lastKnownFileType = sourcecode.c.h; path = NyaruDBTests.h; sourceTree = "<group>"; };
		21EAAD9715B1003600835B47 /* NyaruDBTests.m */ = {isa = PBXFileReference; lastKnownFileType = sourcecode.c.objc; path = NyaruDBTests.m; sourceTree = "<group>"; };
/* End PBXFileReference section */

/* Begin PBXFrameworksBuildPhase section */
		21EAAD7415B1003600835B47 /* Frameworks */ = {
			isa = PBXFrameworksBuildPhase;
			buildActionMask = 2147483647;
			files = (
				21199FE816048FC300270A48 /* libz.dylib in Frameworks */,
				21EAAD7B15B1003600835B47 /* Foundation.framework in Frameworks */,
			);
			runOnlyForDeploymentPostprocessing = 0;
		};
		21EAAD8315B1003600835B47 /* Frameworks */ = {
			isa = PBXFrameworksBuildPhase;
			buildActionMask = 2147483647;
			files = (
				21199FF11604917300270A48 /* libz.dylib in Frameworks */,
				21EAAD8915B1003600835B47 /* SenTestingKit.framework in Frameworks */,
				21EAAD8B15B1003600835B47 /* UIKit.framework in Frameworks */,
				21EAAD8C15B1003600835B47 /* Foundation.framework in Frameworks */,
				21EAAD8F15B1003600835B47 /* libNyaruDB.a in Frameworks */,
			);
			runOnlyForDeploymentPostprocessing = 0;
		};
/* End PBXFrameworksBuildPhase section */

/* Begin PBXGroup section */
		21199FDE16048EBD00270A48 /* GZIP */ = {
			isa = PBXGroup;
			children = (
				21199FDF16048EBD00270A48 /* NSData+GZIP.h */,
				21199FE016048EBD00270A48 /* NSData+GZIP.m */,
			);
			name = GZIP;
			path = External/GZIP;
			sourceTree = "<group>";
		};
		2185601F15D7469B00245243 /* External */ = {
			isa = PBXGroup;
			children = (
				21199FDE16048EBD00270A48 /* GZIP */,
				21DFF67D15F83BA900615275 /* JSONKit */,
			);
			name = External;
			sourceTree = "<group>";
		};
		21DFF67D15F83BA900615275 /* JSONKit */ = {
			isa = PBXGroup;
			children = (
				21AFC771161ECACB0086027B /* JSONKit-Nyaru.h */,
				21AFC772161ECACB0086027B /* JSONKit-Nyaru.m */,
			);
			name = JSONKit;
			path = External/JSONKit;
			sourceTree = "<group>";
		};
		21EAAD6C15B1003500835B47 = {
			isa = PBXGroup;
			children = (
				21EAAD7C15B1003600835B47 /* NyaruDB */,
				21EAAD9015B1003600835B47 /* NyaruDBTests */,
				21EAAD7915B1003600835B47 /* Frameworks */,
				21EAAD7815B1003600835B47 /* Products */,
			);
			sourceTree = "<group>";
		};
		21EAAD7815B1003600835B47 /* Products */ = {
			isa = PBXGroup;
			children = (
				21EAAD7715B1003600835B47 /* libNyaruDB.a */,
				21EAAD8715B1003600835B47 /* NyaruDBTests.octest */,
			);
			name = Products;
			sourceTree = "<group>";
		};
		21EAAD7915B1003600835B47 /* Frameworks */ = {
			isa = PBXGroup;
			children = (
				21199FE716048FC300270A48 /* libz.dylib */,
				21EAAD7A15B1003600835B47 /* Foundation.framework */,
				21EAAD8815B1003600835B47 /* SenTestingKit.framework */,
				21EAAD8A15B1003600835B47 /* UIKit.framework */,
			);
			name = Frameworks;
			sourceTree = "<group>";
		};
		21EAAD7C15B1003600835B47 /* NyaruDB */ = {
			isa = PBXGroup;
			children = (
				219CF6A315D772BB00065BF5 /* NyaruConfig.h */,
				21D13294161D809B00864F3D /* NyaruConfig.m */,
				21EAAD7F15B1003600835B47 /* NyaruDB.h */,
				21EAAD8015B1003600835B47 /* NyaruDB.m */,
				21DC9AD815D7F2320090F8C8 /* NyaruCollection.h */,
				21DC9AD915D7F2320090F8C8 /* NyaruCollection.m */,
				218A213415FC0105004A433B /* NyaruSchema.h */,
				218A213515FC0105004A433B /* NyaruSchema.m */,
				21D13290161D684700864F3D /* NyaruKey.h */,
				21D13291161D684700864F3D /* NyaruKey.m */,
				216D8FD715F45AA50050AB28 /* NyaruIndex.h */,
				216D8FD815F45AA50050AB28 /* NyaruIndex.m */,
				21177E9B1622AF890078551E /* NyaruQuery.h */,
				21177E9C1622AF890078551E /* NyaruQuery.m */,
				2185601F15D7469B00245243 /* External */,
				21EAAD7D15B1003600835B47 /* Supporting Files */,
			);
			path = NyaruDB;
			sourceTree = "<group>";
		};
		21EAAD7D15B1003600835B47 /* Supporting Files */ = {
			isa = PBXGroup;
			children = (
				21EAAD7E15B1003600835B47 /* NyaruDB-Prefix.pch */,
			);
			name = "Supporting Files";
			sourceTree = "<group>";
		};
		21EAAD9015B1003600835B47 /* NyaruDBTests */ = {
			isa = PBXGroup;
			children = (
				21EAAD9615B1003600835B47 /* NyaruDBTests.h */,
				21EAAD9715B1003600835B47 /* NyaruDBTests.m */,
				21EAAD9115B1003600835B47 /* Supporting Files */,
			);
			path = NyaruDBTests;
			sourceTree = "<group>";
		};
		21EAAD9115B1003600835B47 /* Supporting Files */ = {
			isa = PBXGroup;
			children = (
				21EAAD9215B1003600835B47 /* NyaruDBTests-Info.plist */,
				21EAAD9315B1003600835B47 /* InfoPlist.strings */,
			);
			name = "Supporting Files";
			sourceTree = "<group>";
		};
/* End PBXGroup section */

/* Begin PBXHeadersBuildPhase section */
		21EAAD7515B1003600835B47 /* Headers */ = {
			isa = PBXHeadersBuildPhase;
			buildActionMask = 2147483647;
			files = (
				219CF6A515D772BB00065BF5 /* NyaruConfig.h in Headers */,
				21DC9ADA15D7F2320090F8C8 /* NyaruCollection.h in Headers */,
				216D8FD915F45AA50050AB28 /* NyaruIndex.h in Headers */,
				218A213615FC0105004A433B /* NyaruSchema.h in Headers */,
				21199FE116048EBD00270A48 /* NSData+GZIP.h in Headers */,
				21D13292161D684700864F3D /* NyaruKey.h in Headers */,
				21AFC773161ECACB0086027B /* JSONKit-Nyaru.h in Headers */,
				21177E9D1622AF890078551E /* NyaruQuery.h in Headers */,
			);
			runOnlyForDeploymentPostprocessing = 0;
		};
/* End PBXHeadersBuildPhase section */

/* Begin PBXNativeTarget section */
		21EAAD7615B1003600835B47 /* NyaruDB */ = {
			isa = PBXNativeTarget;
			buildConfigurationList = 21EAAD9B15B1003600835B47 /* Build configuration list for PBXNativeTarget "NyaruDB" */;
			buildPhases = (
				21EAAD7315B1003600835B47 /* Sources */,
				21EAAD7415B1003600835B47 /* Frameworks */,
				21EAAD7515B1003600835B47 /* Headers */,
			);
			buildRules = (
			);
			dependencies = (
			);
			name = NyaruDB;
			productName = NyaruDB;
			productReference = 21EAAD7715B1003600835B47 /* libNyaruDB.a */;
			productType = "com.apple.product-type.library.static";
		};
		21EAAD8615B1003600835B47 /* NyaruDBTests */ = {
			isa = PBXNativeTarget;
			buildConfigurationList = 21EAAD9E15B1003600835B47 /* Build configuration list for PBXNativeTarget "NyaruDBTests" */;
			buildPhases = (
				21EAAD8215B1003600835B47 /* Sources */,
				21EAAD8315B1003600835B47 /* Frameworks */,
				21EAAD8415B1003600835B47 /* Resources */,
				21EAAD8515B1003600835B47 /* ShellScript */,
			);
			buildRules = (
			);
			dependencies = (
				21EAAD8E15B1003600835B47 /* PBXTargetDependency */,
			);
			name = NyaruDBTests;
			productName = NyaruDBTests;
			productReference = 21EAAD8715B1003600835B47 /* NyaruDBTests.octest */;
			productType = "com.apple.product-type.bundle";
		};
/* End PBXNativeTarget section */

/* Begin PBXProject section */
		21EAAD6E15B1003500835B47 /* Project object */ = {
			isa = PBXProject;
			attributes = {
				LastUpgradeCheck = 0430;
				ORGANIZATIONNAME = "Accuvally Inc.";
			};
			buildConfigurationList = 21EAAD7115B1003500835B47 /* Build configuration list for PBXProject "NyaruDB" */;
			compatibilityVersion = "Xcode 3.2";
			developmentRegion = English;
			hasScannedForEncodings = 0;
			knownRegions = (
				en,
			);
			mainGroup = 21EAAD6C15B1003500835B47;
			productRefGroup = 21EAAD7815B1003600835B47 /* Products */;
			projectDirPath = "";
			projectRoot = "";
			targets = (
				21EAAD7615B1003600835B47 /* NyaruDB */,
				21EAAD8615B1003600835B47 /* NyaruDBTests */,
			);
		};
/* End PBXProject section */

/* Begin PBXResourcesBuildPhase section */
		21EAAD8415B1003600835B47 /* Resources */ = {
			isa = PBXResourcesBuildPhase;
			buildActionMask = 2147483647;
			files = (
				21EAAD9515B1003600835B47 /* InfoPlist.strings in Resources */,
			);
			runOnlyForDeploymentPostprocessing = 0;
		};
/* End PBXResourcesBuildPhase section */

/* Begin PBXShellScriptBuildPhase section */
		21EAAD8515B1003600835B47 /* ShellScript */ = {
			isa = PBXShellScriptBuildPhase;
			buildActionMask = 2147483647;
			files = (
			);
			inputPaths = (
			);
			outputPaths = (
			);
			runOnlyForDeploymentPostprocessing = 0;
			shellPath = /bin/sh;
			shellScript = "# Run the unit tests in this test bundle.\n\"${SYSTEM_DEVELOPER_DIR}/Tools/RunUnitTests\"\n";
		};
/* End PBXShellScriptBuildPhase section */

/* Begin PBXSourcesBuildPhase section */
		21EAAD7315B1003600835B47 /* Sources */ = {
			isa = PBXSourcesBuildPhase;
			buildActionMask = 2147483647;
			files = (
				21EAAD8115B1003600835B47 /* NyaruDB.m in Sources */,
				21DC9ADB15D7F2320090F8C8 /* NyaruCollection.m in Sources */,
				216D8FDA15F45AA50050AB28 /* NyaruIndex.m in Sources */,
				218A213715FC0105004A433B /* NyaruSchema.m in Sources */,
				21199FE216048EBD00270A48 /* NSData+GZIP.m in Sources */,
				21D13293161D684700864F3D /* NyaruKey.m in Sources */,
				21D13295161D809B00864F3D /* NyaruConfig.m in Sources */,
				21AFC774161ECACB0086027B /* JSONKit-Nyaru.m in Sources */,
				21177E9E1622AF890078551E /* NyaruQuery.m in Sources */,
			);
			runOnlyForDeploymentPostprocessing = 0;
		};
		21EAAD8215B1003600835B47 /* Sources */ = {
			isa = PBXSourcesBuildPhase;
			buildActionMask = 2147483647;
			files = (
				21EAAD9815B1003600835B47 /* NyaruDBTests.m in Sources */,
			);
			runOnlyForDeploymentPostprocessing = 0;
		};
/* End PBXSourcesBuildPhase section */

/* Begin PBXTargetDependency section */
		21EAAD8E15B1003600835B47 /* PBXTargetDependency */ = {
			isa = PBXTargetDependency;
			target = 21EAAD7615B1003600835B47 /* NyaruDB */;
			targetProxy = 21EAAD8D15B1003600835B47 /* PBXContainerItemProxy */;
		};
/* End PBXTargetDependency section */

/* Begin PBXVariantGroup section */
		21EAAD9315B1003600835B47 /* InfoPlist.strings */ = {
			isa = PBXVariantGroup;
			children = (
				21EAAD9415B1003600835B47 /* en */,
			);
			name = InfoPlist.strings;
			sourceTree = "<group>";
		};
/* End PBXVariantGroup section */

/* Begin XCBuildConfiguration section */
		21EAAD9915B1003600835B47 /* Debug */ = {
			isa = XCBuildConfiguration;
			buildSettings = {
				ALWAYS_SEARCH_USER_PATHS = NO;
				ARCHS = "$(ARCHS_STANDARD_32_BIT)";
				CLANG_ENABLE_OBJC_ARC = YES;
				COPY_PHASE_STRIP = NO;
				GCC_C_LANGUAGE_STANDARD = gnu99;
				GCC_DYNAMIC_NO_PIC = NO;
				GCC_OPTIMIZATION_LEVEL = 0;
				GCC_PREPROCESSOR_DEFINITIONS = (
					"DEBUG=1",
					"$(inherited)",
				);
				GCC_SYMBOLS_PRIVATE_EXTERN = NO;
				GCC_VERSION = com.apple.compilers.llvm.clang.1_0;
				GCC_WARN_ABOUT_RETURN_TYPE = YES;
				GCC_WARN_UNINITIALIZED_AUTOS = YES;
				GCC_WARN_UNUSED_VARIABLE = YES;
				IPHONEOS_DEPLOYMENT_TARGET = 4.3;
				OTHER_LDFLAGS = "-ObjC";
				SDKROOT = iphoneos;
			};
			name = Debug;
		};
		21EAAD9A15B1003600835B47 /* Release */ = {
			isa = XCBuildConfiguration;
			buildSettings = {
				ALWAYS_SEARCH_USER_PATHS = NO;
				ARCHS = "$(ARCHS_STANDARD_32_BIT)";
				CLANG_ENABLE_OBJC_ARC = YES;
				COPY_PHASE_STRIP = YES;
				GCC_C_LANGUAGE_STANDARD = gnu99;
				GCC_VERSION = com.apple.compilers.llvm.clang.1_0;
				GCC_WARN_ABOUT_RETURN_TYPE = YES;
				GCC_WARN_UNINITIALIZED_AUTOS = YES;
				GCC_WARN_UNUSED_VARIABLE = YES;
				IPHONEOS_DEPLOYMENT_TARGET = 4.3;
				OTHER_LDFLAGS = "-ObjC";
				SDKROOT = iphoneos;
				VALIDATE_PRODUCT = YES;
			};
			name = Release;
		};
		21EAAD9C15B1003600835B47 /* Debug */ = {
			isa = XCBuildConfiguration;
			buildSettings = {
				DSTROOT = /tmp/NyaruDB.dst;
				GCC_PRECOMPILE_PREFIX_HEADER = YES;
				GCC_PREFIX_HEADER = "NyaruDB/NyaruDB-Prefix.pch";
				OTHER_LDFLAGS = "";
				PRODUCT_NAME = "$(TARGET_NAME)";
				SKIP_INSTALL = YES;
			};
			name = Debug;
		};
		21EAAD9D15B1003600835B47 /* Release */ = {
			isa = XCBuildConfiguration;
			buildSettings = {
				DSTROOT = /tmp/NyaruDB.dst;
				GCC_PRECOMPILE_PREFIX_HEADER = YES;
				GCC_PREFIX_HEADER = "NyaruDB/NyaruDB-Prefix.pch";
				OTHER_LDFLAGS = "";
				PRODUCT_NAME = "$(TARGET_NAME)";
				SKIP_INSTALL = YES;
			};
			name = Release;
		};
		21EAAD9F15B1003600835B47 /* Debug */ = {
			isa = XCBuildConfiguration;
			buildSettings = {
				FRAMEWORK_SEARCH_PATHS = (
					"$(SDKROOT)/Developer/Library/Frameworks",
					"$(DEVELOPER_LIBRARY_DIR)/Frameworks",
				);
				GCC_PRECOMPILE_PREFIX_HEADER = YES;
				GCC_PREFIX_HEADER = "NyaruDB/NyaruDB-Prefix.pch";
				INFOPLIST_FILE = "NyaruDBTests/NyaruDBTests-Info.plist";
				PRODUCT_NAME = "$(TARGET_NAME)";
				WRAPPER_EXTENSION = octest;
			};
			name = Debug;
		};
		21EAADA015B1003600835B47 /* Release */ = {
			isa = XCBuildConfiguration;
			buildSettings = {
				FRAMEWORK_SEARCH_PATHS = (
					"$(SDKROOT)/Developer/Library/Frameworks",
					"$(DEVELOPER_LIBRARY_DIR)/Frameworks",
				);
				GCC_PRECOMPILE_PREFIX_HEADER = YES;
				GCC_PREFIX_HEADER = "NyaruDB/NyaruDB-Prefix.pch";
				INFOPLIST_FILE = "NyaruDBTests/NyaruDBTests-Info.plist";
				PRODUCT_NAME = "$(TARGET_NAME)";
				WRAPPER_EXTENSION = octest;
			};
			name = Release;
		};
/* End XCBuildConfiguration section */

/* Begin XCConfigurationList section */
		21EAAD7115B1003500835B47 /* Build configuration list for PBXProject "NyaruDB" */ = {
			isa = XCConfigurationList;
			buildConfigurations = (
				21EAAD9915B1003600835B47 /* Debug */,
				21EAAD9A15B1003600835B47 /* Release */,
			);
			defaultConfigurationIsVisible = 0;
			defaultConfigurationName = Release;
		};
		21EAAD9B15B1003600835B47 /* Build configuration list for PBXNativeTarget "NyaruDB" */ = {
			isa = XCConfigurationList;
			buildConfigurations = (
				21EAAD9C15B1003600835B47 /* Debug */,
				21EAAD9D15B1003600835B47 /* Release */,
			);
			defaultConfigurationIsVisible = 0;
			defaultConfigurationName = Release;
		};
		21EAAD9E15B1003600835B47 /* Build configuration list for PBXNativeTarget "NyaruDBTests" */ = {
			isa = XCConfigurationList;
			buildConfigurations = (
				21EAAD9F15B1003600835B47 /* Debug */,
				21EAADA015B1003600835B47 /* Release */,
			);
			defaultConfigurationIsVisible = 0;
			defaultConfigurationName = Release;
		};
/* End XCConfigurationList section */
	};
	rootObject = 21EAAD6E15B1003500835B47 /* Project object */;
}
