// !$*UTF8*$!
{
	archiveVersion = 1;
	classes = {
	};
	objectVersion = 46;
	objects = {

/* Begin PBXBuildFile section */
		216CDDC716D2385D00A26FE0 /* NyaruDB.h in Headers */ = {isa = PBXBuildFile; fileRef = 216CDDC516D2385D00A26FE0 /* NyaruDB.h */; };
		216CDDC816D2385D00A26FE0 /* NyaruDB.m in Sources */ = {isa = PBXBuildFile; fileRef = 216CDDC616D2385D00A26FE0 /* NyaruDB.m */; };
		216CDDCB16D23A8300A26FE0 /* NyaruConfig.h in Headers */ = {isa = PBXBuildFile; fileRef = 216CDDC916D23A8300A26FE0 /* NyaruConfig.h */; };
		216CDDCF16D23F5400A26FE0 /* NyaruCollection.h in Headers */ = {isa = PBXBuildFile; fileRef = 216CDDCD16D23F5400A26FE0 /* NyaruCollection.h */; };
		216CDDD016D23F5400A26FE0 /* NyaruCollection.m in Sources */ = {isa = PBXBuildFile; fileRef = 216CDDCE16D23F5400A26FE0 /* NyaruCollection.m */; };
		219BB83516FC5AAD00E5C746 /* NyaruIndexBlockTest.m in Sources */ = {isa = PBXBuildFile; fileRef = 219BB83416FC5AAD00E5C746 /* NyaruIndexBlockTest.m */; };
		219BB83816FC5FEE00E5C746 /* NyaruIndexTest.m in Sources */ = {isa = PBXBuildFile; fileRef = 219BB83716FC5FEE00E5C746 /* NyaruIndexTest.m */; };
		219BB83E16FC623600E5C746 /* NyaruKeyTest.m in Sources */ = {isa = PBXBuildFile; fileRef = 219BB83D16FC623600E5C746 /* NyaruKeyTest.m */; };
		21A877A716D35AD200B5DDA8 /* NyaruKey.h in Headers */ = {isa = PBXBuildFile; fileRef = 21A877A516D35AD200B5DDA8 /* NyaruKey.h */; };
		21A877A816D35AD200B5DDA8 /* NyaruKey.m in Sources */ = {isa = PBXBuildFile; fileRef = 21A877A616D35AD200B5DDA8 /* NyaruKey.m */; };
		21A877AB16D35ADD00B5DDA8 /* NyaruIndex.h in Headers */ = {isa = PBXBuildFile; fileRef = 21A877A916D35ADD00B5DDA8 /* NyaruIndex.h */; };
		21A877AC16D35ADD00B5DDA8 /* NyaruIndex.m in Sources */ = {isa = PBXBuildFile; fileRef = 21A877AA16D35ADD00B5DDA8 /* NyaruIndex.m */; };
		21A877AF16D37E7600B5DDA8 /* NyaruQuery.h in Headers */ = {isa = PBXBuildFile; fileRef = 21A877AD16D37E7600B5DDA8 /* NyaruQuery.h */; };
		21A877B016D37E7600B5DDA8 /* NyaruQuery.m in Sources */ = {isa = PBXBuildFile; fileRef = 21A877AE16D37E7600B5DDA8 /* NyaruQuery.m */; };
		21B63C1316FFE56800540C33 /* NyaruQueryTest.m in Sources */ = {isa = PBXBuildFile; fileRef = 21B63C1216FFE56800540C33 /* NyaruQueryTest.m */; };
		21CCD81D16D3C2C400168102 /* NyaruQueryCell.h in Headers */ = {isa = PBXBuildFile; fileRef = 21CCD81B16D3C2C400168102 /* NyaruQueryCell.h */; };
		21CCD81E16D3C2C400168102 /* NyaruQueryCell.m in Sources */ = {isa = PBXBuildFile; fileRef = 21CCD81C16D3C2C400168102 /* NyaruQueryCell.m */; };
		21DF5CD016D31E6F00405E0E /* NyaruIndexBlock.h in Headers */ = {isa = PBXBuildFile; fileRef = 21DF5CCE16D31E6F00405E0E /* NyaruIndexBlock.h */; };
		21DF5CD116D31E6F00405E0E /* NyaruIndexBlock.m in Sources */ = {isa = PBXBuildFile; fileRef = 21DF5CCF16D31E6F00405E0E /* NyaruIndexBlock.m */; };
		21DF5CD416D32C4300405E0E /* NyaruSchema.h in Headers */ = {isa = PBXBuildFile; fileRef = 21DF5CD216D32C4300405E0E /* NyaruSchema.h */; };
		21DF5CD516D32C4300405E0E /* NyaruSchema.m in Sources */ = {isa = PBXBuildFile; fileRef = 21DF5CD316D32C4300405E0E /* NyaruSchema.m */; };
		21E5EE7B16FD2C6900702B25 /* NyaruSchemaTest.m in Sources */ = {isa = PBXBuildFile; fileRef = 21E5EE7A16FD2C6900702B25 /* NyaruSchemaTest.m */; };
		21EAAD7B15B1003600835B47 /* Foundation.framework in Frameworks */ = {isa = PBXBuildFile; fileRef = 21EAAD7A15B1003600835B47 /* Foundation.framework */; };
		21EAAD8915B1003600835B47 /* SenTestingKit.framework in Frameworks */ = {isa = PBXBuildFile; fileRef = 21EAAD8815B1003600835B47 /* SenTestingKit.framework */; };
		21EAAD8B15B1003600835B47 /* UIKit.framework in Frameworks */ = {isa = PBXBuildFile; fileRef = 21EAAD8A15B1003600835B47 /* UIKit.framework */; };
		21EAAD8C15B1003600835B47 /* Foundation.framework in Frameworks */ = {isa = PBXBuildFile; fileRef = 21EAAD7A15B1003600835B47 /* Foundation.framework */; };
		21EAAD8F15B1003600835B47 /* libNyaruDB.a in Frameworks */ = {isa = PBXBuildFile; fileRef = 21EAAD7715B1003600835B47 /* libNyaruDB.a */; };
		21EAAD9515B1003600835B47 /* InfoPlist.strings in Resources */ = {isa = PBXBuildFile; fileRef = 21EAAD9315B1003600835B47 /* InfoPlist.strings */; };
		21EAAD9815B1003600835B47 /* NyaruDBTests.m in Sources */ = {isa = PBXBuildFile; fileRef = 21EAAD9715B1003600835B47 /* NyaruDBTests.m */; };
/* End PBXBuildFile section */

/* Begin PBXContainerItemProxy section */
		21EAAD8D15B1003600835B47 /* PBXContainerItemProxy */ = {
			isa = PBXContainerItemProxy;
			containerPortal = 21EAAD6E15B1003500835B47 /* Project object */;
			proxyType = 1;
			remoteGlobalIDString = 21EAAD7615B1003600835B47;
			remoteInfo = NyaruDB;
		};
/* End PBXContainerItemProxy section */

/* Begin PBXFileReference section */
		216CDDC516D2385D00A26FE0 /* NyaruDB.h */ = {isa = PBXFileReference; fileEncoding = 4; lastKnownFileType = sourcecode.c.h; path = NyaruDB.h; sourceTree = "<group>"; };
		216CDDC616D2385D00A26FE0 /* NyaruDB.m */ = {isa = PBXFileReference; fileEncoding = 4; lastKnownFileType = sourcecode.c.objc; path = NyaruDB.m; sourceTree = "<group>"; };
		216CDDC916D23A8300A26FE0 /* NyaruConfig.h */ = {isa = PBXFileReference; fileEncoding = 4; lastKnownFileType = sourcecode.c.h; path = NyaruConfig.h; sourceTree = "<group>"; };
		216CDDCD16D23F5400A26FE0 /* NyaruCollection.h */ = {isa = PBXFileReference; fileEncoding = 4; lastKnownFileType = sourcecode.c.h; path = NyaruCollection.h; sourceTree = "<group>"; };
		216CDDCE16D23F5400A26FE0 /* NyaruCollection.m */ = {isa = PBXFileReference; fileEncoding = 4; lastKnownFileType = sourcecode.c.objc; path = NyaruCollection.m; sourceTree = "<group>"; };
		219BB83316FC5AAD00E5C746 /* NyaruIndexBlockTest.h */ = {isa = PBXFileReference; fileEncoding = 4; lastKnownFileType = sourcecode.c.h; path = NyaruIndexBlockTest.h; sourceTree = "<group>"; };
		219BB83416FC5AAD00E5C746 /* NyaruIndexBlockTest.m */ = {isa = PBXFileReference; fileEncoding = 4; lastKnownFileType = sourcecode.c.objc; path = NyaruIndexBlockTest.m; sourceTree = "<group>"; };
		219BB83616FC5FEE00E5C746 /* NyaruIndexTest.h */ = {isa = PBXFileReference; fileEncoding = 4; lastKnownFileType = sourcecode.c.h; path = NyaruIndexTest.h; sourceTree = "<group>"; };
		219BB83716FC5FEE00E5C746 /* NyaruIndexTest.m */ = {isa = PBXFileReference; fileEncoding = 4; lastKnownFileType = sourcecode.c.objc; path = NyaruIndexTest.m; sourceTree = "<group>"; };
		219BB83C16FC623600E5C746 /* NyaruKeyTest.h */ = {isa = PBXFileReference; fileEncoding = 4; lastKnownFileType = sourcecode.c.h; path = NyaruKeyTest.h; sourceTree = "<group>"; };
		219BB83D16FC623600E5C746 /* NyaruKeyTest.m */ = {isa = PBXFileReference; fileEncoding = 4; lastKnownFileType = sourcecode.c.objc; path = NyaruKeyTest.m; sourceTree = "<group>"; };
		21A877A516D35AD200B5DDA8 /* NyaruKey.h */ = {isa = PBXFileReference; fileEncoding = 4; lastKnownFileType = sourcecode.c.h; path = NyaruKey.h; sourceTree = "<group>"; };
		21A877A616D35AD200B5DDA8 /* NyaruKey.m */ = {isa = PBXFileReference; fileEncoding = 4; lastKnownFileType = sourcecode.c.objc; path = NyaruKey.m; sourceTree = "<group>"; };
		21A877A916D35ADD00B5DDA8 /* NyaruIndex.h */ = {isa = PBXFileReference; fileEncoding = 4; lastKnownFileType = sourcecode.c.h; path = NyaruIndex.h; sourceTree = "<group>"; };
		21A877AA16D35ADD00B5DDA8 /* NyaruIndex.m */ = {isa = PBXFileReference; fileEncoding = 4; lastKnownFileType = sourcecode.c.objc; path = NyaruIndex.m; sourceTree = "<group>"; };
		21A877AD16D37E7600B5DDA8 /* NyaruQuery.h */ = {isa = PBXFileReference; fileEncoding = 4; lastKnownFileType = sourcecode.c.h; path = NyaruQuery.h; sourceTree = "<group>"; };
		21A877AE16D37E7600B5DDA8 /* NyaruQuery.m */ = {isa = PBXFileReference; fileEncoding = 4; lastKnownFileType = sourcecode.c.objc; path = NyaruQuery.m; sourceTree = "<group>"; };
		21B63C1116FFE56800540C33 /* NyaruQueryTest.h */ = {isa = PBXFileReference; fileEncoding = 4; lastKnownFileType = sourcecode.c.h; path = NyaruQueryTest.h; sourceTree = "<group>"; };
		21B63C1216FFE56800540C33 /* NyaruQueryTest.m */ = {isa = PBXFileReference; fileEncoding = 4; lastKnownFileType = sourcecode.c.objc; path = NyaruQueryTest.m; sourceTree = "<group>"; };
		21CCD81B16D3C2C400168102 /* NyaruQueryCell.h */ = {isa = PBXFileReference; fileEncoding = 4; lastKnownFileType = sourcecode.c.h; path = NyaruQueryCell.h; sourceTree = "<group>"; };
		21CCD81C16D3C2C400168102 /* NyaruQueryCell.m */ = {isa = PBXFileReference; fileEncoding = 4; lastKnownFileType = sourcecode.c.objc; path = NyaruQueryCell.m; sourceTree = "<group>"; };
		21DF5CCE16D31E6F00405E0E /* NyaruIndexBlock.h */ = {isa = PBXFileReference; fileEncoding = 4; lastKnownFileType = sourcecode.c.h; path = NyaruIndexBlock.h; sourceTree = "<group>"; };
		21DF5CCF16D31E6F00405E0E /* NyaruIndexBlock.m */ = {isa = PBXFileReference; fileEncoding = 4; lastKnownFileType = sourcecode.c.objc; path = NyaruIndexBlock.m; sourceTree = "<group>"; };
		21DF5CD216D32C4300405E0E /* NyaruSchema.h */ = {isa = PBXFileReference; fileEncoding = 4; lastKnownFileType = sourcecode.c.h; path = NyaruSchema.h; sourceTree = "<group>"; };
		21DF5CD316D32C4300405E0E /* NyaruSchema.m */ = {isa = PBXFileReference; fileEncoding = 4; lastKnownFileType = sourcecode.c.objc; path = NyaruSchema.m; sourceTree = "<group>"; };
		21E5EE7916FD2C6900702B25 /* NyaruSchemaTest.h */ = {isa = PBXFileReference; fileEncoding = 4; lastKnownFileType = sourcecode.c.h; path = NyaruSchemaTest.h; sourceTree = "<group>"; };
		21E5EE7A16FD2C6900702B25 /* NyaruSchemaTest.m */ = {isa = PBXFileReference; fileEncoding = 4; lastKnownFileType = sourcecode.c.objc; path = NyaruSchemaTest.m; sourceTree = "<group>"; };
		21EAAD7715B1003600835B47 /* libNyaruDB.a */ = {isa = PBXFileReference; explicitFileType = archive.ar; includeInIndex = 0; path = libNyaruDB.a; sourceTree = BUILT_PRODUCTS_DIR; };
		21EAAD7A15B1003600835B47 /* Foundation.framework */ = {isa = PBXFileReference; lastKnownFileType = wrapper.framework; name = Foundation.framework; path = System/Library/Frameworks/Foundation.framework; sourceTree = SDKROOT; };
		21EAAD7E15B1003600835B47 /* NyaruDB-Prefix.pch */ = {isa = PBXFileReference; lastKnownFileType = sourcecode.c.h; path = "NyaruDB-Prefix.pch"; sourceTree = "<group>"; };
		21EAAD8715B1003600835B47 /* NyaruDBTests.octest */ = {isa = PBXFileReference; explicitFileType = wrapper.cfbundle; includeInIndex = 0; path = NyaruDBTests.octest; sourceTree = BUILT_PRODUCTS_DIR; };
		21EAAD8815B1003600835B47 /* SenTestingKit.framework */ = {isa = PBXFileReference; lastKnownFileType = wrapper.framework; name = SenTestingKit.framework; path = Library/Frameworks/SenTestingKit.framework; sourceTree = DEVELOPER_DIR; };
		21EAAD8A15B1003600835B47 /* UIKit.framework */ = {isa = PBXFileReference; lastKnownFileType = wrapper.framework; name = UIKit.framework; path = Library/Frameworks/UIKit.framework; sourceTree = DEVELOPER_DIR; };
		21EAAD9215B1003600835B47 /* NyaruDBTests-Info.plist */ = {isa = PBXFileReference; lastKnownFileType = text.plist.xml; path = "NyaruDBTests-Info.plist"; sourceTree = "<group>"; };
		21EAAD9415B1003600835B47 /* en */ = {isa = PBXFileReference; lastKnownFileType = text.plist.strings; name = en; path = en.lproj/InfoPlist.strings; sourceTree = "<group>"; };
		21EAAD9615B1003600835B47 /* NyaruDBTests.h */ = {isa = PBXFileReference; lastKnownFileType = sourcecode.c.h; path = NyaruDBTests.h; sourceTree = "<group>"; };
		21EAAD9715B1003600835B47 /* NyaruDBTests.m */ = {isa = PBXFileReference; lastKnownFileType = sourcecode.c.objc; path = NyaruDBTests.m; sourceTree = "<group>"; };
/* End PBXFileReference section */

/* Begin PBXFrameworksBuildPhase section */
		21EAAD7415B1003600835B47 /* Frameworks */ = {
			isa = PBXFrameworksBuildPhase;
			buildActionMask = 2147483647;
			files = (
				21EAAD7B15B1003600835B47 /* Foundation.framework in Frameworks */,
			);
			runOnlyForDeploymentPostprocessing = 0;
		};
		21EAAD8315B1003600835B47 /* Frameworks */ = {
			isa = PBXFrameworksBuildPhase;
			buildActionMask = 2147483647;
			files = (
				21EAAD8915B1003600835B47 /* SenTestingKit.framework in Frameworks */,
				21EAAD8B15B1003600835B47 /* UIKit.framework in Frameworks */,
				21EAAD8C15B1003600835B47 /* Foundation.framework in Frameworks */,
				21EAAD8F15B1003600835B47 /* libNyaruDB.a in Frameworks */,
			);
			runOnlyForDeploymentPostprocessing = 0;
		};
/* End PBXFrameworksBuildPhase section */

/* Begin PBXGroup section */
		21EAAD6C15B1003500835B47 = {
			isa = PBXGroup;
			children = (
				21EAAD7C15B1003600835B47 /* NyaruDB */,
				21EAAD9015B1003600835B47 /* NyaruDBTests */,
				21EAAD7915B1003600835B47 /* Frameworks */,
				21EAAD7815B1003600835B47 /* Products */,
			);
			sourceTree = "<group>";
		};
		21EAAD7815B1003600835B47 /* Products */ = {
			isa = PBXGroup;
			children = (
				21EAAD7715B1003600835B47 /* libNyaruDB.a */,
				21EAAD8715B1003600835B47 /* NyaruDBTests.octest */,
			);
			name = Products;
			sourceTree = "<group>";
		};
		21EAAD7915B1003600835B47 /* Frameworks */ = {
			isa = PBXGroup;
			children = (
				21EAAD7A15B1003600835B47 /* Foundation.framework */,
				21EAAD8815B1003600835B47 /* SenTestingKit.framework */,
				21EAAD8A15B1003600835B47 /* UIKit.framework */,
			);
			name = Frameworks;
			sourceTree = "<group>";
		};
		21EAAD7C15B1003600835B47 /* NyaruDB */ = {
			isa = PBXGroup;
			children = (
				216CDDC916D23A8300A26FE0 /* NyaruConfig.h */,
				216CDDC516D2385D00A26FE0 /* NyaruDB.h */,
				216CDDC616D2385D00A26FE0 /* NyaruDB.m */,
				21A877AD16D37E7600B5DDA8 /* NyaruQuery.h */,
				21A877AE16D37E7600B5DDA8 /* NyaruQuery.m */,
				216CDDCD16D23F5400A26FE0 /* NyaruCollection.h */,
				216CDDCE16D23F5400A26FE0 /* NyaruCollection.m */,
				21CCD81B16D3C2C400168102 /* NyaruQueryCell.h */,
				21CCD81C16D3C2C400168102 /* NyaruQueryCell.m */,
				21DF5CD216D32C4300405E0E /* NyaruSchema.h */,
				21DF5CD316D32C4300405E0E /* NyaruSchema.m */,
				21A877A516D35AD200B5DDA8 /* NyaruKey.h */,
				21A877A616D35AD200B5DDA8 /* NyaruKey.m */,
				21A877A916D35ADD00B5DDA8 /* NyaruIndex.h */,
				21A877AA16D35ADD00B5DDA8 /* NyaruIndex.m */,
				21DF5CCE16D31E6F00405E0E /* NyaruIndexBlock.h */,
				21DF5CCF16D31E6F00405E0E /* NyaruIndexBlock.m */,
				21EAAD7D15B1003600835B47 /* Supporting Files */,
			);
			path = NyaruDB;
			sourceTree = "<group>";
		};
		21EAAD7D15B1003600835B47 /* Supporting Files */ = {
			isa = PBXGroup;
			children = (
				21EAAD7E15B1003600835B47 /* NyaruDB-Prefix.pch */,
			);
			name = "Supporting Files";
			sourceTree = "<group>";
		};
		21EAAD9015B1003600835B47 /* NyaruDBTests */ = {
			isa = PBXGroup;
			children = (
				21EAAD9615B1003600835B47 /* NyaruDBTests.h */,
				21EAAD9715B1003600835B47 /* NyaruDBTests.m */,
				21B63C1116FFE56800540C33 /* NyaruQueryTest.h */,
				21B63C1216FFE56800540C33 /* NyaruQueryTest.m */,
				21E5EE7916FD2C6900702B25 /* NyaruSchemaTest.h */,
				21E5EE7A16FD2C6900702B25 /* NyaruSchemaTest.m */,
				219BB83C16FC623600E5C746 /* NyaruKeyTest.h */,
				219BB83D16FC623600E5C746 /* NyaruKeyTest.m */,
				219BB83616FC5FEE00E5C746 /* NyaruIndexTest.h */,
				219BB83716FC5FEE00E5C746 /* NyaruIndexTest.m */,
				219BB83316FC5AAD00E5C746 /* NyaruIndexBlockTest.h */,
				219BB83416FC5AAD00E5C746 /* NyaruIndexBlockTest.m */,
				21EAAD9115B1003600835B47 /* Supporting Files */,
			);
			path = NyaruDBTests;
			sourceTree = "<group>";
		};
		21EAAD9115B1003600835B47 /* Supporting Files */ = {
			isa = PBXGroup;
			children = (
				21EAAD9215B1003600835B47 /* NyaruDBTests-Info.plist */,
				21EAAD9315B1003600835B47 /* InfoPlist.strings */,
			);
			name = "Supporting Files";
			sourceTree = "<group>";
		};
/* End PBXGroup section */

/* Begin PBXHeadersBuildPhase section */
		21EAAD7515B1003600835B47 /* Headers */ = {
			isa = PBXHeadersBuildPhase;
			buildActionMask = 2147483647;
			files = (
				216CDDC716D2385D00A26FE0 /* NyaruDB.h in Headers */,
				216CDDCB16D23A8300A26FE0 /* NyaruConfig.h in Headers */,
				216CDDCF16D23F5400A26FE0 /* NyaruCollection.h in Headers */,
				21DF5CD016D31E6F00405E0E /* NyaruIndexBlock.h in Headers */,
				21DF5CD416D32C4300405E0E /* NyaruSchema.h in Headers */,
				21A877A716D35AD200B5DDA8 /* NyaruKey.h in Headers */,
				21A877AB16D35ADD00B5DDA8 /* NyaruIndex.h in Headers */,
				21A877AF16D37E7600B5DDA8 /* NyaruQuery.h in Headers */,
				21CCD81D16D3C2C400168102 /* NyaruQueryCell.h in Headers */,
			);
			runOnlyForDeploymentPostprocessing = 0;
		};
/* End PBXHeadersBuildPhase section */

/* Begin PBXNativeTarget section */
		21EAAD7615B1003600835B47 /* NyaruDB */ = {
			isa = PBXNativeTarget;
			buildConfigurationList = 21EAAD9B15B1003600835B47 /* Build configuration list for PBXNativeTarget "NyaruDB" */;
			buildPhases = (
				21EAAD7315B1003600835B47 /* Sources */,
				21EAAD7415B1003600835B47 /* Frameworks */,
				21EAAD7515B1003600835B47 /* Headers */,
			);
			buildRules = (
			);
			dependencies = (
			);
			name = NyaruDB;
			productName = NyaruDB;
			productReference = 21EAAD7715B1003600835B47 /* libNyaruDB.a */;
			productType = "com.apple.product-type.library.static";
		};
		21EAAD8615B1003600835B47 /* NyaruDBTests */ = {
			isa = PBXNativeTarget;
			buildConfigurationList = 21EAAD9E15B1003600835B47 /* Build configuration list for PBXNativeTarget "NyaruDBTests" */;
			buildPhases = (
				21EAAD8215B1003600835B47 /* Sources */,
				21EAAD8315B1003600835B47 /* Frameworks */,
				21EAAD8415B1003600835B47 /* Resources */,
				21EAAD8515B1003600835B47 /* ShellScript */,
			);
			buildRules = (
			);
			dependencies = (
				21EAAD8E15B1003600835B47 /* PBXTargetDependency */,
			);
			name = NyaruDBTests;
			productName = NyaruDBTests;
			productReference = 21EAAD8715B1003600835B47 /* NyaruDBTests.octest */;
			productType = "com.apple.product-type.bundle";
		};
/* End PBXNativeTarget section */

/* Begin PBXProject section */
		21EAAD6E15B1003500835B47 /* Project object */ = {
			isa = PBXProject;
			attributes = {
				LastUpgradeCheck = 0460;
				ORGANIZATIONNAME = "";
			};
			buildConfigurationList = 21EAAD7115B1003500835B47 /* Build configuration list for PBXProject "NyaruDB" */;
			compatibilityVersion = "Xcode 3.2";
			developmentRegion = English;
			hasScannedForEncodings = 0;
			knownRegions = (
				en,
			);
			mainGroup = 21EAAD6C15B1003500835B47;
			productRefGroup = 21EAAD7815B1003600835B47 /* Products */;
			projectDirPath = "";
			projectRoot = "";
			targets = (
				21EAAD7615B1003600835B47 /* NyaruDB */,
				21EAAD8615B1003600835B47 /* NyaruDBTests */,
			);
		};
/* End PBXProject section */

/* Begin PBXResourcesBuildPhase section */
		21EAAD8415B1003600835B47 /* Resources */ = {
			isa = PBXResourcesBuildPhase;
			buildActionMask = 2147483647;
			files = (
				21EAAD9515B1003600835B47 /* InfoPlist.strings in Resources */,
			);
			runOnlyForDeploymentPostprocessing = 0;
		};
/* End PBXResourcesBuildPhase section */

/* Begin PBXShellScriptBuildPhase section */
		21EAAD8515B1003600835B47 /* ShellScript */ = {
			isa = PBXShellScriptBuildPhase;
			buildActionMask = 2147483647;
			files = (
			);
			inputPaths = (
			);
			outputPaths = (
			);
			runOnlyForDeploymentPostprocessing = 0;
			shellPath = /bin/sh;
			shellScript = "# Run the unit tests in this test bundle.\n\"${SYSTEM_DEVELOPER_DIR}/Tools/RunUnitTests\"\n";
		};
/* End PBXShellScriptBuildPhase section */

/* Begin PBXSourcesBuildPhase section */
		21EAAD7315B1003600835B47 /* Sources */ = {
			isa = PBXSourcesBuildPhase;
			buildActionMask = 2147483647;
			files = (
				216CDDC816D2385D00A26FE0 /* NyaruDB.m in Sources */,
				216CDDD016D23F5400A26FE0 /* NyaruCollection.m in Sources */,
				21DF5CD116D31E6F00405E0E /* NyaruIndexBlock.m in Sources */,
				21DF5CD516D32C4300405E0E /* NyaruSchema.m in Sources */,
				21A877A816D35AD200B5DDA8 /* NyaruKey.m in Sources */,
				21A877AC16D35ADD00B5DDA8 /* NyaruIndex.m in Sources */,
				21A877B016D37E7600B5DDA8 /* NyaruQuery.m in Sources */,
				21CCD81E16D3C2C400168102 /* NyaruQueryCell.m in Sources */,
			);
			runOnlyForDeploymentPostprocessing = 0;
		};
		21EAAD8215B1003600835B47 /* Sources */ = {
			isa = PBXSourcesBuildPhase;
			buildActionMask = 2147483647;
			files = (
				21EAAD9815B1003600835B47 /* NyaruDBTests.m in Sources */,
				219BB83516FC5AAD00E5C746 /* NyaruIndexBlockTest.m in Sources */,
				219BB83816FC5FEE00E5C746 /* NyaruIndexTest.m in Sources */,
				219BB83E16FC623600E5C746 /* NyaruKeyTest.m in Sources */,
				21E5EE7B16FD2C6900702B25 /* NyaruSchemaTest.m in Sources */,
				21B63C1316FFE56800540C33 /* NyaruQueryTest.m in Sources */,
			);
			runOnlyForDeploymentPostprocessing = 0;
		};
/* End PBXSourcesBuildPhase section */

/* Begin PBXTargetDependency section */
		21EAAD8E15B1003600835B47 /* PBXTargetDependency */ = {
			isa = PBXTargetDependency;
			target = 21EAAD7615B1003600835B47 /* NyaruDB */;
			targetProxy = 21EAAD8D15B1003600835B47 /* PBXContainerItemProxy */;
		};
/* End PBXTargetDependency section */

/* Begin PBXVariantGroup section */
		21EAAD9315B1003600835B47 /* InfoPlist.strings */ = {
			isa = PBXVariantGroup;
			children = (
				21EAAD9415B1003600835B47 /* en */,
			);
			name = InfoPlist.strings;
			sourceTree = "<group>";
		};
/* End PBXVariantGroup section */

/* Begin XCBuildConfiguration section */
		21EAAD9915B1003600835B47 /* Debug */ = {
			isa = XCBuildConfiguration;
			buildSettings = {
				ALWAYS_SEARCH_USER_PATHS = NO;
				ARCHS = "$(ARCHS_STANDARD_32_BIT)";
				CLANG_ENABLE_OBJC_ARC = YES;
				CLANG_WARN_CONSTANT_CONVERSION = YES;
				CLANG_WARN_ENUM_CONVERSION = YES;
				CLANG_WARN_INT_CONVERSION = YES;
				CLANG_WARN__DUPLICATE_METHOD_MATCH = YES;
				COPY_PHASE_STRIP = NO;
				GCC_C_LANGUAGE_STANDARD = gnu99;
				GCC_DYNAMIC_NO_PIC = NO;
				GCC_OPTIMIZATION_LEVEL = 0;
				GCC_PREPROCESSOR_DEFINITIONS = (
					"DEBUG=1",
					"$(inherited)",
				);
				GCC_SYMBOLS_PRIVATE_EXTERN = NO;
				GCC_VERSION = com.apple.compilers.llvm.clang.1_0;
				GCC_WARN_ABOUT_RETURN_TYPE = YES;
				GCC_WARN_UNINITIALIZED_AUTOS = YES;
				GCC_WARN_UNUSED_VARIABLE = YES;
				IPHONEOS_DEPLOYMENT_TARGET = 4.3;
				OTHER_LDFLAGS = "-ObjC";
				SDKROOT = iphoneos;
			};
			name = Debug;
		};
		21EAAD9A15B1003600835B47 /* Release */ = {
			isa = XCBuildConfiguration;
			buildSettings = {
				ALWAYS_SEARCH_USER_PATHS = NO;
				ARCHS = "$(ARCHS_STANDARD_32_BIT)";
				CLANG_ENABLE_OBJC_ARC = YES;
				CLANG_WARN_CONSTANT_CONVERSION = YES;
				CLANG_WARN_ENUM_CONVERSION = YES;
				CLANG_WARN_INT_CONVERSION = YES;
				CLANG_WARN__DUPLICATE_METHOD_MATCH = YES;
				COPY_PHASE_STRIP = YES;
				GCC_C_LANGUAGE_STANDARD = gnu99;
				GCC_VERSION = com.apple.compilers.llvm.clang.1_0;
				GCC_WARN_ABOUT_RETURN_TYPE = YES;
				GCC_WARN_UNINITIALIZED_AUTOS = YES;
				GCC_WARN_UNUSED_VARIABLE = YES;
				IPHONEOS_DEPLOYMENT_TARGET = 4.3;
				OTHER_LDFLAGS = "-ObjC";
				SDKROOT = iphoneos;
				VALIDATE_PRODUCT = YES;
			};
			name = Release;
		};
		21EAAD9C15B1003600835B47 /* Debug */ = {
			isa = XCBuildConfiguration;
			buildSettings = {
				DSTROOT = /tmp/NyaruDB.dst;
				GCC_PRECOMPILE_PREFIX_HEADER = YES;
				GCC_PREFIX_HEADER = "NyaruDB/NyaruDB-Prefix.pch";
				OTHER_LDFLAGS = "";
				PRODUCT_NAME = "$(TARGET_NAME)";
				SKIP_INSTALL = YES;
			};
			name = Debug;
		};
		21EAAD9D15B1003600835B47 /* Release */ = {
			isa = XCBuildConfiguration;
			buildSettings = {
				DSTROOT = /tmp/NyaruDB.dst;
				GCC_PRECOMPILE_PREFIX_HEADER = YES;
				GCC_PREFIX_HEADER = "NyaruDB/NyaruDB-Prefix.pch";
				OTHER_LDFLAGS = "";
				PRODUCT_NAME = "$(TARGET_NAME)";
				SKIP_INSTALL = YES;
			};
			name = Release;
		};
		21EAAD9F15B1003600835B47 /* Debug */ = {
			isa = XCBuildConfiguration;
			buildSettings = {
				FRAMEWORK_SEARCH_PATHS = (
					"$(SDKROOT)/Developer/Library/Frameworks",
					"$(DEVELOPER_LIBRARY_DIR)/Frameworks",
				);
				GCC_PRECOMPILE_PREFIX_HEADER = YES;
				GCC_PREFIX_HEADER = "NyaruDB/NyaruDB-Prefix.pch";
				INFOPLIST_FILE = "NyaruDBTests/NyaruDBTests-Info.plist";
				PRODUCT_NAME = "$(TARGET_NAME)";
				WRAPPER_EXTENSION = octest;
			};
			name = Debug;
		};
		21EAADA015B1003600835B47 /* Release */ = {
			isa = XCBuildConfiguration;
			buildSettings = {
				FRAMEWORK_SEARCH_PATHS = (
					"$(SDKROOT)/Developer/Library/Frameworks",
					"$(DEVELOPER_LIBRARY_DIR)/Frameworks",
				);
				GCC_PRECOMPILE_PREFIX_HEADER = YES;
				GCC_PREFIX_HEADER = "NyaruDB/NyaruDB-Prefix.pch";
				INFOPLIST_FILE = "NyaruDBTests/NyaruDBTests-Info.plist";
				PRODUCT_NAME = "$(TARGET_NAME)";
				WRAPPER_EXTENSION = octest;
			};
			name = Release;
		};
/* End XCBuildConfiguration section */

/* Begin XCConfigurationList section */
		21EAAD7115B1003500835B47 /* Build configuration list for PBXProject "NyaruDB" */ = {
			isa = XCConfigurationList;
			buildConfigurations = (
				21EAAD9915B1003600835B47 /* Debug */,
				21EAAD9A15B1003600835B47 /* Release */,
			);
			defaultConfigurationIsVisible = 0;
			defaultConfigurationName = Release;
		};
		21EAAD9B15B1003600835B47 /* Build configuration list for PBXNativeTarget "NyaruDB" */ = {
			isa = XCConfigurationList;
			buildConfigurations = (
				21EAAD9C15B1003600835B47 /* Debug */,
				21EAAD9D15B1003600835B47 /* Release */,
			);
			defaultConfigurationIsVisible = 0;
			defaultConfigurationName = Release;
		};
		21EAAD9E15B1003600835B47 /* Build configuration list for PBXNativeTarget "NyaruDBTests" */ = {
			isa = XCConfigurationList;
			buildConfigurations = (
				21EAAD9F15B1003600835B47 /* Debug */,
				21EAADA015B1003600835B47 /* Release */,
			);
			defaultConfigurationIsVisible = 0;
			defaultConfigurationName = Release;
		};
/* End XCConfigurationList section */
	};
	rootObject = 21EAAD6E15B1003500835B47 /* Project object */;
}
